
Microsoft Visual Studio Solution File, Format Version 12.00
# Visual Studio Version 17
VisualStudioVersion = 17.8.34330.188
MinimumVisualStudioVersion = 10.0.40219.1
Project("{FAE04EC0-301F-11D3-BF4B-00C04F79EFBC}") = "CorrectingCode", "CorrectingCode.csproj", "{720CACD7-9825-4C90-A429-0F676DD9ECB1}"
EndProject
Global
	GlobalSection(SolutionConfigurationPlatforms) = preSolution
		Debug|Any CPU = Debug|Any CPU
		Release|Any CPU = Release|Any CPU
	EndGlobalSection
	GlobalSection(ProjectConfigurationPlatforms) = postSolution
		{720CACD7-9825-4C90-A429-0F676DD9ECB1}.Debug|Any CPU.ActiveCfg = Debug|Any CPU
		{720CACD7-9825-4C90-A429-0F676DD9ECB1}.Debug|Any CPU.Build.0 = Debug|Any CPU
		{720CACD7-9825-4C90-A429-0F676DD9ECB1}.Release|Any CPU.ActiveCfg = Release|Any CPU
		{720CACD7-9825-4C90-A429-0F676DD9ECB1}.Release|Any CPU.Build.0 = Release|Any CPU
	EndGlobalSection
	GlobalSection(SolutionProperties) = preSolution
		HideSolutionNode = FALSE
	EndGlobalSection
	GlobalSection(ExtensibilityGlobals) = postSolution
		SolutionGuid = {0B1CC011-E570-4BE2-B0FD-82693F92BCAA}
	EndGlobalSection
EndGlobal
