
Microsoft Visual Studio Solution File, Format Version 12.00
# Visual Studio Version 17
VisualStudioVersion = 17.7.34031.279
MinimumVisualStudioVersion = 10.0.40219.1
Project("{FAE04EC0-301F-11D3-BF4B-00C04F79EFBC}") = "BlockCiphers", "BlockCiphers.csproj", "{AB313043-86A7-465C-8B01-2A3E67D1D5EF}"
EndProject
Global
	GlobalSection(SolutionConfigurationPlatforms) = preSolution
		Debug|Any CPU = Debug|Any CPU
		Release|Any CPU = Release|Any CPU
	EndGlobalSection
	GlobalSection(ProjectConfigurationPlatforms) = postSolution
		{AB313043-86A7-465C-8B01-2A3E67D1D5EF}.Debug|Any CPU.ActiveCfg = Debug|Any CPU
		{AB313043-86A7-465C-8B01-2A3E67D1D5EF}.Debug|Any CPU.Build.0 = Debug|Any CPU
		{AB313043-86A7-465C-8B01-2A3E67D1D5EF}.Release|Any CPU.ActiveCfg = Release|Any CPU
		{AB313043-86A7-465C-8B01-2A3E67D1D5EF}.Release|Any CPU.Build.0 = Release|Any CPU
	EndGlobalSection
	GlobalSection(SolutionProperties) = preSolution
		HideSolutionNode = FALSE
	EndGlobalSection
	GlobalSection(ExtensibilityGlobals) = postSolution
		SolutionGuid = {35370EBF-10E2-4444-BF21-DA3081E6626B}
	EndGlobalSection
EndGlobal
